<?xml version="1.0" encoding="utf-8"?>
<Project ToolsVersion="4.0" xmlns="http://schemas.microsoft.com/developer/msbuild/2003">
  <ItemGroup>
    <Filter Include="Source Files">
      <UniqueIdentifier>{31e39b23-e69f-4e10-ab53-5fca83ea1849}</UniqueIdentifier>
      <Extensions>cpp;c;cxx;rc;def;r;odl;idl;hpj;bat</Extensions>
    </Filter>
    <Filter Include="Header Files">
      <UniqueIdentifier>{39f2a13c-56aa-47a7-8274-7abc6a173f0c}</UniqueIdentifier>
      <Extensions>h;hpp;hxx;hm;inl</Extensions>
    </Filter>
    <Filter Include="Resource Files">
      <UniqueIdentifier>{7f7a5e99-3b8f-48aa-ab61-b7e5599f913b}</UniqueIdentifier>
      <Extensions>ico;cur;bmp;dlg;rc2;rct;bin;rgs;gif;jpg;jpeg;jpe</Extensions>
    </Filter>
  </ItemGroup>
  <ItemGroup>
    <ClCompile Include="AudioConfigDialog.cpp">
      <Filter>Source Files</Filter>
    </ClCompile>
    <ClCompile Include="DriverVersionWarning.cpp">
      <Filter>Source Files</Filter>
    </ClCompile>
    <ClCompile Include="EZGIMEX.cpp">
      <Filter>Source Files</Filter>
    </ClCompile>
    <ClCompile Include="locale.cpp">
      <Filter>Source Files</Filter>
    </ClCompile>
    <ClCompile Include="Locale_API.cpp">
      <Filter>Source Files</Filter>
    </ClCompile>
    <ClCompile Include="PerformanceConfigDialog.cpp">
      <Filter>Source Files</Filter>
    </ClCompile>
    <ClCompile Include="..\..\WWLib\rawfile.cpp">
      <Filter>Source Files</Filter>
    </ClCompile>
    <ClCompile Include="StdAfx.cpp">
      <Filter>Source Files</Filter>
    </ClCompile>
    <ClCompile Include="VideoConfigDialog.cpp">
      <Filter>Source Files</Filter>
    </ClCompile>
    <ClCompile Include="WWConfig.cpp">
      <Filter>Source Files</Filter>
    </ClCompile>
    <ClCompile Include="WWConfigDlg.cpp">
      <Filter>Source Files</Filter>
    </ClCompile>
    <ClCompile Include="..\..\WWLib\wwfile.cpp">
      <Filter>Source Files</Filter>
    </ClCompile>
  </ItemGroup>
  <ItemGroup>
    <ClInclude Include="AudioConfigDialog.h">
      <Filter>Header Files</Filter>
    </ClInclude>
    <ClInclude Include="DriverVersionWarning.h">
      <Filter>Header Files</Filter>
    </ClInclude>
    <ClInclude Include="gimex.h">
      <Filter>Header Files</Filter>
    </ClInclude>
    <ClInclude Include="locale.h">
      <Filter>Header Files</Filter>
    </ClInclude>
    <ClInclude Include="Locale_API.h">
      <Filter>Header Files</Filter>
    </ClInclude>
    <ClInclude Include="PerformanceConfigDialog.h">
      <Filter>Header Files</Filter>
    </ClInclude>
    <ClInclude Include="..\..\WWLib\rawfile.h">
      <Filter>Header Files</Filter>
    </ClInclude>
    <ClInclude Include="Resource.h">
      <Filter>Header Files</Filter>
    </ClInclude>
    <ClInclude Include="StdAfx.h">
      <Filter>Header Files</Filter>
    </ClInclude>
    <ClInclude Include="VideoConfigDialog.h">
      <Filter>Header Files</Filter>
    </ClInclude>
    <ClInclude Include="WWConfig.h">
      <Filter>Header Files</Filter>
    </ClInclude>
    <ClInclude Include="wwconfig_ids.h">
      <Filter>Header Files</Filter>
    </ClInclude>
    <ClInclude Include="WWConfigDlg.h">
      <Filter>Header Files</Filter>
    </ClInclude>
    <ClInclude Include="..\..\WWLib\wwfile.h">
      <Filter>Header Files</Filter>
    </ClInclude>
  </ItemGroup>
  <ItemGroup>
    <Image Include="res\ico00001.ico">
      <Filter>Resource Files</Filter>
    </Image>
    <Image Include="res\ico00002.ico">
      <Filter>Resource Files</Filter>
    </Image>
    <Image Include="res\icon1.ico">
      <Filter>Resource Files</Filter>
    </Image>
    <Image Include="res\logo.bmp">
      <Filter>Resource Files</Filter>
    </Image>
    <Image Include="res\WWConfig.ico">
      <Filter>Resource Files</Filter>
    </Image>
  </ItemGroup>
  <ItemGroup>
    <None Include="Res\IDL_CHINESE.loc">
      <Filter>Resource Files</Filter>
    </None>
    <None Include="Res\IDL_ENGLISH.loc">
      <Filter>Resource Files</Filter>
    </None>
    <None Include="Res\IDL_FRENCH.loc">
      <Filter>Resource Files</Filter>
    </None>
    <None Include="Res\IDL_GERMAN.loc">
      <Filter>Resource Files</Filter>
    </None>
    <None Include="Res\IDL_JAPANESE.loc">
      <Filter>Resource Files</Filter>
    </None>
    <None Include="Res\IDL_KOREAN.loc">
      <Filter>Resource Files</Filter>
    </None>
    <None Include="res\WWConfig.rc2">
      <Filter>Resource Files</Filter>
    </None>
  </ItemGroup>
  <ItemGroup>
    <ResourceCompile Include="WWConfig.rc">
      <Filter>Resource Files</Filter>
    </ResourceCompile>
  </ItemGroup>
  <ItemGroup>
    <Text Include="ReadMe.txt" />
  </ItemGroup>
</Project>