<?xml version="1.0" encoding="utf-8"?>
<Project ToolsVersion="4.0" xmlns="http://schemas.microsoft.com/developer/msbuild/2003">
  <ItemGroup>
    <Filter Include="Support">
      <UniqueIdentifier>{7020d4a5-bbaf-4657-b990-670f8a5413a6}</UniqueIdentifier>
    </Filter>
    <Filter Include="Design_Test">
      <UniqueIdentifier>{a528a2a1-730c-4e5e-818a-f5e45a3845fa}</UniqueIdentifier>
    </Filter>
    <Filter Include="Toolkit">
      <UniqueIdentifier>{68cb75e0-a78f-4af5-9acf-1a4d003bcc14}</UniqueIdentifier>
    </Filter>
    <Filter Include="Missions">
      <UniqueIdentifier>{bf6e3234-f14d-4217-a01e-3977a391bc07}</UniqueIdentifier>
    </Filter>
  </ItemGroup>
  <ItemGroup>
    <ClInclude Include="always.h">
      <Filter>Support</Filter>
    </ClInclude>
    <ClInclude Include="bool.h">
      <Filter>Support</Filter>
    </ClInclude>
    <ClInclude Include="combatsound.h">
      <Filter>Support</Filter>
    </ClInclude>
    <ClInclude Include="CustomEvents.h">
      <Filter>Support</Filter>
    </ClInclude>
    <ClInclude Include="DPrint.h">
      <Filter>Support</Filter>
    </ClInclude>
    <ClInclude Include="gameobjobserver.h">
      <Filter>Support</Filter>
    </ClInclude>
    <ClInclude Include="scriptevents.h">
      <Filter>Support</Filter>
    </ClInclude>
    <ClInclude Include="ScriptFactory.h">
      <Filter>Support</Filter>
    </ClInclude>
    <ClInclude Include="ScriptNode.h">
      <Filter>Support</Filter>
    </ClInclude>
    <ClInclude Include="ScriptRegistrant.h">
      <Filter>Support</Filter>
    </ClInclude>
    <ClInclude Include="ScriptRegistrar.h">
      <Filter>Support</Filter>
    </ClInclude>
    <ClInclude Include="strtrim.h">
      <Filter>Support</Filter>
    </ClInclude>
    <ClInclude Include="visualc.h">
      <Filter>Support</Filter>
    </ClInclude>
    <ClInclude Include="Toolkit.h">
      <Filter>Toolkit</Filter>
    </ClInclude>
    <ClInclude Include="Mission00.h">
      <Filter>Missions</Filter>
    </ClInclude>
    <ClInclude Include="Mission1.h">
      <Filter>Missions</Filter>
    </ClInclude>
    <ClInclude Include="Mission10.h">
      <Filter>Missions</Filter>
    </ClInclude>
    <ClInclude Include="Mission11.h">
      <Filter>Missions</Filter>
    </ClInclude>
    <ClInclude Include="Mission2.h">
      <Filter>Missions</Filter>
    </ClInclude>
    <ClInclude Include="Mission3.h">
      <Filter>Missions</Filter>
    </ClInclude>
    <ClInclude Include="Mission4.h">
      <Filter>Missions</Filter>
    </ClInclude>
    <ClInclude Include="Mission5.h">
      <Filter>Missions</Filter>
    </ClInclude>
    <ClInclude Include="Mission6.h">
      <Filter>Missions</Filter>
    </ClInclude>
    <ClInclude Include="Mission7.h">
      <Filter>Missions</Filter>
    </ClInclude>
    <ClInclude Include="Mission8.h">
      <Filter>Missions</Filter>
    </ClInclude>
    <ClInclude Include="Mission9.h">
      <Filter>Missions</Filter>
    </ClInclude>
    <ClInclude Include="MissionX0.h">
      <Filter>Missions</Filter>
    </ClInclude>
    <ClInclude Include="actionparams.h" />
    <ClInclude Include="scriptcommands.h" />
    <ClInclude Include="scripts.h" />
    <ClInclude Include="string_ids.h" />
  </ItemGroup>
  <ItemGroup>
    <ClCompile Include="DLLmain.cpp">
      <Filter>Support</Filter>
    </ClCompile>
    <ClCompile Include="DPrint.cpp">
      <Filter>Support</Filter>
    </ClCompile>
    <ClCompile Include="DrMobius.cpp">
      <Filter>Support</Filter>
    </ClCompile>
    <ClCompile Include="ScriptFactory.cpp">
      <Filter>Support</Filter>
    </ClCompile>
    <ClCompile Include="ScriptRegistrar.cpp">
      <Filter>Support</Filter>
    </ClCompile>
    <ClCompile Include="strtrim.cpp">
      <Filter>Support</Filter>
    </ClCompile>
    <ClCompile Include="Test_BMG.cpp">
      <Filter>Design_Test</Filter>
    </ClCompile>
    <ClCompile Include="Test_Cinematic.cpp">
      <Filter>Design_Test</Filter>
    </ClCompile>
    <ClCompile Include="Test_DAK.cpp">
      <Filter>Design_Test</Filter>
    </ClCompile>
    <ClCompile Include="Test_DAY.cpp">
      <Filter>Design_Test</Filter>
    </ClCompile>
    <ClCompile Include="Test_DLS.cpp">
      <Filter>Design_Test</Filter>
    </ClCompile>
    <ClCompile Include="Test_DME.cpp">
      <Filter>Design_Test</Filter>
    </ClCompile>
    <ClCompile Include="Test_GTH.cpp">
      <Filter>Design_Test</Filter>
    </ClCompile>
    <ClCompile Include="Test_JDG_EVA.cpp">
      <Filter>Design_Test</Filter>
    </ClCompile>
    <ClCompile Include="Test_PDS.cpp">
      <Filter>Design_Test</Filter>
    </ClCompile>
    <ClCompile Include="Test_RAD.cpp">
      <Filter>Design_Test</Filter>
    </ClCompile>
    <ClCompile Include="Test_RMV.cpp">
      <Filter>Design_Test</Filter>
    </ClCompile>
    <ClCompile Include="Test_RMV_Toolkit.cpp">
      <Filter>Design_Test</Filter>
    </ClCompile>
    <ClCompile Include="Toolkit.cpp">
      <Filter>Toolkit</Filter>
    </ClCompile>
    <ClCompile Include="Toolkit_Actions.cpp">
      <Filter>Toolkit</Filter>
    </ClCompile>
    <ClCompile Include="Toolkit_Animations.cpp">
      <Filter>Toolkit</Filter>
    </ClCompile>
    <ClCompile Include="Toolkit_Broadcaster.cpp">
      <Filter>Toolkit</Filter>
    </ClCompile>
    <ClCompile Include="Toolkit_Explosions.cpp">
      <Filter>Toolkit</Filter>
    </ClCompile>
    <ClCompile Include="Toolkit_Objectives.cpp">
      <Filter>Toolkit</Filter>
    </ClCompile>
    <ClCompile Include="Toolkit_Objects.cpp">
      <Filter>Toolkit</Filter>
    </ClCompile>
    <ClCompile Include="Toolkit_Powerup.cpp">
      <Filter>Toolkit</Filter>
    </ClCompile>
    <ClCompile Include="Toolkit_Siege.cpp">
      <Filter>Toolkit</Filter>
    </ClCompile>
    <ClCompile Include="Toolkit_Sounds.cpp">
      <Filter>Toolkit</Filter>
    </ClCompile>
    <ClCompile Include="Toolkit_Spawners.cpp">
      <Filter>Toolkit</Filter>
    </ClCompile>
    <ClCompile Include="Toolkit_Triggers.cpp">
      <Filter>Toolkit</Filter>
    </ClCompile>
    <ClCompile Include="Mission00.cpp">
      <Filter>Missions</Filter>
    </ClCompile>
    <ClCompile Include="Mission01.cpp">
      <Filter>Missions</Filter>
    </ClCompile>
    <ClCompile Include="Mission02.cpp">
      <Filter>Missions</Filter>
    </ClCompile>
    <ClCompile Include="Mission03.cpp">
      <Filter>Missions</Filter>
    </ClCompile>
    <ClCompile Include="Mission04.cpp">
      <Filter>Missions</Filter>
    </ClCompile>
    <ClCompile Include="Mission05.cpp">
      <Filter>Missions</Filter>
    </ClCompile>
    <ClCompile Include="Mission06.cpp">
      <Filter>Missions</Filter>
    </ClCompile>
    <ClCompile Include="Mission07.cpp">
      <Filter>Missions</Filter>
    </ClCompile>
    <ClCompile Include="mission08.cpp">
      <Filter>Missions</Filter>
    </ClCompile>
    <ClCompile Include="Mission09.cpp">
      <Filter>Missions</Filter>
    </ClCompile>
    <ClCompile Include="Mission10.cpp">
      <Filter>Missions</Filter>
    </ClCompile>
    <ClCompile Include="Mission11.cpp">
      <Filter>Missions</Filter>
    </ClCompile>
    <ClCompile Include="MissionDemo.cpp">
      <Filter>Missions</Filter>
    </ClCompile>
    <ClCompile Include="MissionX0.cpp">
      <Filter>Missions</Filter>
    </ClCompile>
    <ClCompile Include="scripts.cpp" />
  </ItemGroup>
</Project>