
Microsoft Visual Studio Solution File, Format Version 12.00
# Visual Studio Version 17
VisualStudioVersion = 17.13.35919.96 d17.13
MinimumVisualStudioVersion = 10.0.40219.1
Project("{8BC9CEB8-8B4A-11D0-8D11-00A0C91BC942}") = "BandTest", "BandTest\BandTest.vcxproj", "{3A6268D9-DE89-4792-97E3-9DDB89D8BEE3}"
EndProject
Project("{8BC9CEB8-8B4A-11D0-8D11-00A0C91BC942}") = "BinkMovie", "BinkMovie\BinkMovie.vcxproj", "{036BF597-FB2D-4CDD-AA2D-FDDD3F55A5DE}"
EndProject
Project("{8BC9CEB8-8B4A-11D0-8D11-00A0C91BC942}") = "Combat", "Combat\Combat.vcxproj", "{19F3E031-381C-4ADF-A83C-F1BF516EE77B}"
EndProject
Project("{059D6162-CD51-11D0-AE1F-00A0C90FFFC3}") = "GameSpy", "GameSpy\GameSpy.dsp", "{7616C18B-35C8-470E-9C1C-3F17842BCA49}"
EndProject
Project("{8BC9CEB8-8B4A-11D0-8D11-00A0C91BC942}") = "LevelEdit", "Tools\LevelEdit\LevelEdit.vcxproj", "{2F3BC386-A175-49E7-A2C3-CD898EB3B87D}"
EndProject
Project("{8BC9CEB8-8B4A-11D0-8D11-00A0C91BC942}") = "SControl", "SControl\SControl.vcxproj", "{B88FB9B2-6F53-4FC5-BE34-9783E02AD419}"
EndProject
Project("{8BC9CEB8-8B4A-11D0-8D11-00A0C91BC942}") = "Scripts", "Scripts\Scripts.vcxproj", "{E167A697-2D50-488C-8329-7956A9C6E22E}"
EndProject
Project("{8BC9CEB8-8B4A-11D0-8D11-00A0C91BC942}") = "WWAudio", "WWAudio\WWAudio.vcxproj", "{016598B6-8690-4D50-81FF-157D00B623FA}"
EndProject
Project("{8BC9CEB8-8B4A-11D0-8D11-00A0C91BC942}") = "WWConfig", "Tools\WWConfig\WWConfig.vcxproj", "{07F14FD6-F16E-46E7-B966-3F6DC86D5A23}"
EndProject
Project("{8BC9CEB8-8B4A-11D0-8D11-00A0C91BC942}") = "WWCtrl", "Tools\WWCtrl\WWCtrl.vcxproj", "{3D5AADCD-EF23-4692-8CAF-D66F5B72274C}"
EndProject
Project("{8BC9CEB8-8B4A-11D0-8D11-00A0C91BC942}") = "Renegade", "Commando\commando.vcxproj", "{6A0E39D6-BDD5-4534-8A3F-B511201B2CE3}"
EndProject
Project("{8BC9CEB8-8B4A-11D0-8D11-00A0C91BC942}") = "max2w3d", "Tools\max2w3d\max2w3d.vcxproj", "{775D24E8-5B79-4C8A-AD9D-873E2B7CD441}"
EndProject
Project("{8BC9CEB8-8B4A-11D0-8D11-00A0C91BC942}") = "ww3d2", "ww3d2\ww3d2.vcxproj", "{BFE981D3-7F4D-4339-BC6C-C0BC3BEC2F99}"
EndProject
Project("{8BC9CEB8-8B4A-11D0-8D11-00A0C91BC942}") = "wwbitpack", "wwbitpack\wwbitpack.vcxproj", "{8FB332B5-C987-429A-849A-175649A040FA}"
EndProject
Project("{8BC9CEB8-8B4A-11D0-8D11-00A0C91BC942}") = "wwdebug", "wwdebug\wwdebug.vcxproj", "{6C6C0E06-E697-4BA0-97BB-1A3E3E93D515}"
EndProject
Project("{8BC9CEB8-8B4A-11D0-8D11-00A0C91BC942}") = "wwlib", "wwlib\wwlib.vcxproj", "{425467FE-F137-4027-92CE-622B585FAF5F}"
EndProject
Project("{8BC9CEB8-8B4A-11D0-8D11-00A0C91BC942}") = "wwmath", "WWMath\wwmath.vcxproj", "{6DDA51F5-6C88-4F42-ABA9-1685FEA74649}"
EndProject
Project("{8BC9CEB8-8B4A-11D0-8D11-00A0C91BC942}") = "wwnet", "wwnet\wwnet.vcxproj", "{1D33171C-AFAE-478A-9C9A-B314F9CCCA8B}"
EndProject
Project("{8BC9CEB8-8B4A-11D0-8D11-00A0C91BC942}") = "wwphys", "wwphys\wwphys.vcxproj", "{ADE50808-214E-4C7C-8851-60519FA190DF}"
EndProject
Project("{8BC9CEB8-8B4A-11D0-8D11-00A0C91BC942}") = "wwsaveload", "wwsaveload\wwsaveload.vcxproj", "{ADD92C64-52D2-4D83-8435-57288F16980D}"
EndProject
Project("{8BC9CEB8-8B4A-11D0-8D11-00A0C91BC942}") = "wwtranslatedb", "wwtranslatedb\wwtranslatedb.vcxproj", "{46884A64-7191-412A-BD28-C20ACC59B64A}"
EndProject
Project("{8BC9CEB8-8B4A-11D0-8D11-00A0C91BC942}") = "wwui", "wwui\wwui.vcxproj", "{4AF841DE-5DF4-4E3D-A6F3-98646AD396A9}"
EndProject
Project("{8BC9CEB8-8B4A-11D0-8D11-00A0C91BC942}") = "wwutil", "wwutil\wwutil.vcxproj", "{C7F15F81-1C39-4C27-8366-D6A1D534A845}"
EndProject
Global
	GlobalSection(SolutionConfigurationPlatforms) = preSolution
		Debug Compressed|Win32 = Debug Compressed|Win32
		Debug|Win32 = Debug|Win32
		DebugE|Win32 = DebugE|Win32
		GMax Hybrid|Win32 = GMax Hybrid|Win32
		GMax Release|Win32 = GMax Release|Win32
		Hybrid|Win32 = Hybrid|Win32
		mainMax4Hybrid|Win32 = mainMax4Hybrid|Win32
		Max4Release|Win32 = Max4Release|Win32
		Profile|Win32 = Profile|Win32
		ProfileE|Win32 = ProfileE|Win32
		Release|Win32 = Release|Win32
	EndGlobalSection
	GlobalSection(ProjectConfigurationPlatforms) = postSolution
		{3A6268D9-DE89-4792-97E3-9DDB89D8BEE3}.Debug Compressed|Win32.ActiveCfg = Debug|Win32
		{3A6268D9-DE89-4792-97E3-9DDB89D8BEE3}.Debug Compressed|Win32.Build.0 = Debug|Win32
		{3A6268D9-DE89-4792-97E3-9DDB89D8BEE3}.Debug|Win32.ActiveCfg = Debug|Win32
		{3A6268D9-DE89-4792-97E3-9DDB89D8BEE3}.Debug|Win32.Build.0 = Debug|Win32
		{3A6268D9-DE89-4792-97E3-9DDB89D8BEE3}.DebugE|Win32.ActiveCfg = Debug|Win32
		{3A6268D9-DE89-4792-97E3-9DDB89D8BEE3}.DebugE|Win32.Build.0 = Debug|Win32
		{3A6268D9-DE89-4792-97E3-9DDB89D8BEE3}.GMax Hybrid|Win32.ActiveCfg = Debug|Win32
		{3A6268D9-DE89-4792-97E3-9DDB89D8BEE3}.GMax Hybrid|Win32.Build.0 = Debug|Win32
		{3A6268D9-DE89-4792-97E3-9DDB89D8BEE3}.GMax Release|Win32.ActiveCfg = Release|Win32
		{3A6268D9-DE89-4792-97E3-9DDB89D8BEE3}.GMax Release|Win32.Build.0 = Release|Win32
		{3A6268D9-DE89-4792-97E3-9DDB89D8BEE3}.Hybrid|Win32.ActiveCfg = Debug|Win32
		{3A6268D9-DE89-4792-97E3-9DDB89D8BEE3}.Hybrid|Win32.Build.0 = Debug|Win32
		{3A6268D9-DE89-4792-97E3-9DDB89D8BEE3}.mainMax4Hybrid|Win32.ActiveCfg = Debug|Win32
		{3A6268D9-DE89-4792-97E3-9DDB89D8BEE3}.mainMax4Hybrid|Win32.Build.0 = Debug|Win32
		{3A6268D9-DE89-4792-97E3-9DDB89D8BEE3}.Max4Release|Win32.ActiveCfg = Release|Win32
		{3A6268D9-DE89-4792-97E3-9DDB89D8BEE3}.Max4Release|Win32.Build.0 = Release|Win32
		{3A6268D9-DE89-4792-97E3-9DDB89D8BEE3}.Profile|Win32.ActiveCfg = Profile|Win32
		{3A6268D9-DE89-4792-97E3-9DDB89D8BEE3}.Profile|Win32.Build.0 = Profile|Win32
		{3A6268D9-DE89-4792-97E3-9DDB89D8BEE3}.ProfileE|Win32.ActiveCfg = Profile|Win32
		{3A6268D9-DE89-4792-97E3-9DDB89D8BEE3}.ProfileE|Win32.Build.0 = Profile|Win32
		{3A6268D9-DE89-4792-97E3-9DDB89D8BEE3}.Release|Win32.ActiveCfg = Release|Win32
		{3A6268D9-DE89-4792-97E3-9DDB89D8BEE3}.Release|Win32.Build.0 = Release|Win32
		{036BF597-FB2D-4CDD-AA2D-FDDD3F55A5DE}.Debug Compressed|Win32.ActiveCfg = Debug|Win32
		{036BF597-FB2D-4CDD-AA2D-FDDD3F55A5DE}.Debug Compressed|Win32.Build.0 = Debug|Win32
		{036BF597-FB2D-4CDD-AA2D-FDDD3F55A5DE}.Debug|Win32.ActiveCfg = Debug|Win32
		{036BF597-FB2D-4CDD-AA2D-FDDD3F55A5DE}.Debug|Win32.Build.0 = Debug|Win32
		{036BF597-FB2D-4CDD-AA2D-FDDD3F55A5DE}.DebugE|Win32.ActiveCfg = Debug|Win32
		{036BF597-FB2D-4CDD-AA2D-FDDD3F55A5DE}.DebugE|Win32.Build.0 = Debug|Win32
		{036BF597-FB2D-4CDD-AA2D-FDDD3F55A5DE}.GMax Hybrid|Win32.ActiveCfg = Debug|Win32
		{036BF597-FB2D-4CDD-AA2D-FDDD3F55A5DE}.GMax Hybrid|Win32.Build.0 = Debug|Win32
		{036BF597-FB2D-4CDD-AA2D-FDDD3F55A5DE}.GMax Release|Win32.ActiveCfg = Release|Win32
		{036BF597-FB2D-4CDD-AA2D-FDDD3F55A5DE}.GMax Release|Win32.Build.0 = Release|Win32
		{036BF597-FB2D-4CDD-AA2D-FDDD3F55A5DE}.Hybrid|Win32.ActiveCfg = Debug|Win32
		{036BF597-FB2D-4CDD-AA2D-FDDD3F55A5DE}.Hybrid|Win32.Build.0 = Debug|Win32
		{036BF597-FB2D-4CDD-AA2D-FDDD3F55A5DE}.mainMax4Hybrid|Win32.ActiveCfg = Debug|Win32
		{036BF597-FB2D-4CDD-AA2D-FDDD3F55A5DE}.mainMax4Hybrid|Win32.Build.0 = Debug|Win32
		{036BF597-FB2D-4CDD-AA2D-FDDD3F55A5DE}.Max4Release|Win32.ActiveCfg = Release|Win32
		{036BF597-FB2D-4CDD-AA2D-FDDD3F55A5DE}.Max4Release|Win32.Build.0 = Release|Win32
		{036BF597-FB2D-4CDD-AA2D-FDDD3F55A5DE}.Profile|Win32.ActiveCfg = Profile|Win32
		{036BF597-FB2D-4CDD-AA2D-FDDD3F55A5DE}.Profile|Win32.Build.0 = Profile|Win32
		{036BF597-FB2D-4CDD-AA2D-FDDD3F55A5DE}.ProfileE|Win32.ActiveCfg = Profile|Win32
		{036BF597-FB2D-4CDD-AA2D-FDDD3F55A5DE}.ProfileE|Win32.Build.0 = Profile|Win32
		{036BF597-FB2D-4CDD-AA2D-FDDD3F55A5DE}.Release|Win32.ActiveCfg = Release|Win32
		{036BF597-FB2D-4CDD-AA2D-FDDD3F55A5DE}.Release|Win32.Build.0 = Release|Win32
		{19F3E031-381C-4ADF-A83C-F1BF516EE77B}.Debug Compressed|Win32.ActiveCfg = DebugE|Win32
		{19F3E031-381C-4ADF-A83C-F1BF516EE77B}.Debug Compressed|Win32.Build.0 = DebugE|Win32
		{19F3E031-381C-4ADF-A83C-F1BF516EE77B}.Debug|Win32.ActiveCfg = Debug|Win32
		{19F3E031-381C-4ADF-A83C-F1BF516EE77B}.Debug|Win32.Build.0 = Debug|Win32
		{19F3E031-381C-4ADF-A83C-F1BF516EE77B}.DebugE|Win32.ActiveCfg = DebugE|Win32
		{19F3E031-381C-4ADF-A83C-F1BF516EE77B}.DebugE|Win32.Build.0 = DebugE|Win32
		{19F3E031-381C-4ADF-A83C-F1BF516EE77B}.GMax Hybrid|Win32.ActiveCfg = ProfileE|Win32
		{19F3E031-381C-4ADF-A83C-F1BF516EE77B}.GMax Hybrid|Win32.Build.0 = ProfileE|Win32
		{19F3E031-381C-4ADF-A83C-F1BF516EE77B}.GMax Release|Win32.ActiveCfg = Release|Win32
		{19F3E031-381C-4ADF-A83C-F1BF516EE77B}.GMax Release|Win32.Build.0 = Release|Win32
		{19F3E031-381C-4ADF-A83C-F1BF516EE77B}.Hybrid|Win32.ActiveCfg = ProfileE|Win32
		{19F3E031-381C-4ADF-A83C-F1BF516EE77B}.Hybrid|Win32.Build.0 = ProfileE|Win32
		{19F3E031-381C-4ADF-A83C-F1BF516EE77B}.mainMax4Hybrid|Win32.ActiveCfg = ProfileE|Win32
		{19F3E031-381C-4ADF-A83C-F1BF516EE77B}.mainMax4Hybrid|Win32.Build.0 = ProfileE|Win32
		{19F3E031-381C-4ADF-A83C-F1BF516EE77B}.Max4Release|Win32.ActiveCfg = Release|Win32
		{19F3E031-381C-4ADF-A83C-F1BF516EE77B}.Max4Release|Win32.Build.0 = Release|Win32
		{19F3E031-381C-4ADF-A83C-F1BF516EE77B}.Profile|Win32.ActiveCfg = Profile|Win32
		{19F3E031-381C-4ADF-A83C-F1BF516EE77B}.Profile|Win32.Build.0 = Profile|Win32
		{19F3E031-381C-4ADF-A83C-F1BF516EE77B}.ProfileE|Win32.ActiveCfg = ProfileE|Win32
		{19F3E031-381C-4ADF-A83C-F1BF516EE77B}.ProfileE|Win32.Build.0 = ProfileE|Win32
		{19F3E031-381C-4ADF-A83C-F1BF516EE77B}.Release|Win32.ActiveCfg = Release|Win32
		{19F3E031-381C-4ADF-A83C-F1BF516EE77B}.Release|Win32.Build.0 = Release|Win32
		{2F3BC386-A175-49E7-A2C3-CD898EB3B87D}.Debug Compressed|Win32.ActiveCfg = DebugE|Win32
		{2F3BC386-A175-49E7-A2C3-CD898EB3B87D}.Debug Compressed|Win32.Build.0 = DebugE|Win32
		{2F3BC386-A175-49E7-A2C3-CD898EB3B87D}.Debug|Win32.ActiveCfg = DebugE|Win32
		{2F3BC386-A175-49E7-A2C3-CD898EB3B87D}.Debug|Win32.Build.0 = DebugE|Win32
		{2F3BC386-A175-49E7-A2C3-CD898EB3B87D}.DebugE|Win32.ActiveCfg = DebugE|Win32
		{2F3BC386-A175-49E7-A2C3-CD898EB3B87D}.DebugE|Win32.Build.0 = DebugE|Win32
		{2F3BC386-A175-49E7-A2C3-CD898EB3B87D}.GMax Hybrid|Win32.ActiveCfg = ProfileE|Win32
		{2F3BC386-A175-49E7-A2C3-CD898EB3B87D}.GMax Hybrid|Win32.Build.0 = ProfileE|Win32
		{2F3BC386-A175-49E7-A2C3-CD898EB3B87D}.GMax Release|Win32.ActiveCfg = ProfileE|Win32
		{2F3BC386-A175-49E7-A2C3-CD898EB3B87D}.GMax Release|Win32.Build.0 = ProfileE|Win32
		{2F3BC386-A175-49E7-A2C3-CD898EB3B87D}.Hybrid|Win32.ActiveCfg = ProfileE|Win32
		{2F3BC386-A175-49E7-A2C3-CD898EB3B87D}.Hybrid|Win32.Build.0 = ProfileE|Win32
		{2F3BC386-A175-49E7-A2C3-CD898EB3B87D}.mainMax4Hybrid|Win32.ActiveCfg = ProfileE|Win32
		{2F3BC386-A175-49E7-A2C3-CD898EB3B87D}.mainMax4Hybrid|Win32.Build.0 = ProfileE|Win32
		{2F3BC386-A175-49E7-A2C3-CD898EB3B87D}.Max4Release|Win32.ActiveCfg = ProfileE|Win32
		{2F3BC386-A175-49E7-A2C3-CD898EB3B87D}.Max4Release|Win32.Build.0 = ProfileE|Win32
		{2F3BC386-A175-49E7-A2C3-CD898EB3B87D}.Profile|Win32.ActiveCfg = ProfileE|Win32
		{2F3BC386-A175-49E7-A2C3-CD898EB3B87D}.Profile|Win32.Build.0 = ProfileE|Win32
		{2F3BC386-A175-49E7-A2C3-CD898EB3B87D}.ProfileE|Win32.ActiveCfg = ProfileE|Win32
		{2F3BC386-A175-49E7-A2C3-CD898EB3B87D}.ProfileE|Win32.Build.0 = ProfileE|Win32
		{2F3BC386-A175-49E7-A2C3-CD898EB3B87D}.Release|Win32.ActiveCfg = ProfileE|Win32
		{2F3BC386-A175-49E7-A2C3-CD898EB3B87D}.Release|Win32.Build.0 = ProfileE|Win32
		{B88FB9B2-6F53-4FC5-BE34-9783E02AD419}.Debug Compressed|Win32.ActiveCfg = Debug|Win32
		{B88FB9B2-6F53-4FC5-BE34-9783E02AD419}.Debug Compressed|Win32.Build.0 = Debug|Win32
		{B88FB9B2-6F53-4FC5-BE34-9783E02AD419}.Debug|Win32.ActiveCfg = Debug|Win32
		{B88FB9B2-6F53-4FC5-BE34-9783E02AD419}.Debug|Win32.Build.0 = Debug|Win32
		{B88FB9B2-6F53-4FC5-BE34-9783E02AD419}.DebugE|Win32.ActiveCfg = Debug|Win32
		{B88FB9B2-6F53-4FC5-BE34-9783E02AD419}.DebugE|Win32.Build.0 = Debug|Win32
		{B88FB9B2-6F53-4FC5-BE34-9783E02AD419}.GMax Hybrid|Win32.ActiveCfg = Release|Win32
		{B88FB9B2-6F53-4FC5-BE34-9783E02AD419}.GMax Hybrid|Win32.Build.0 = Release|Win32
		{B88FB9B2-6F53-4FC5-BE34-9783E02AD419}.GMax Release|Win32.ActiveCfg = Release|Win32
		{B88FB9B2-6F53-4FC5-BE34-9783E02AD419}.GMax Release|Win32.Build.0 = Release|Win32
		{B88FB9B2-6F53-4FC5-BE34-9783E02AD419}.Hybrid|Win32.ActiveCfg = Release|Win32
		{B88FB9B2-6F53-4FC5-BE34-9783E02AD419}.Hybrid|Win32.Build.0 = Release|Win32
		{B88FB9B2-6F53-4FC5-BE34-9783E02AD419}.mainMax4Hybrid|Win32.ActiveCfg = Release|Win32
		{B88FB9B2-6F53-4FC5-BE34-9783E02AD419}.mainMax4Hybrid|Win32.Build.0 = Release|Win32
		{B88FB9B2-6F53-4FC5-BE34-9783E02AD419}.Max4Release|Win32.ActiveCfg = Release|Win32
		{B88FB9B2-6F53-4FC5-BE34-9783E02AD419}.Max4Release|Win32.Build.0 = Release|Win32
		{B88FB9B2-6F53-4FC5-BE34-9783E02AD419}.Profile|Win32.ActiveCfg = Profile|Win32
		{B88FB9B2-6F53-4FC5-BE34-9783E02AD419}.Profile|Win32.Build.0 = Profile|Win32
		{B88FB9B2-6F53-4FC5-BE34-9783E02AD419}.ProfileE|Win32.ActiveCfg = Profile|Win32
		{B88FB9B2-6F53-4FC5-BE34-9783E02AD419}.ProfileE|Win32.Build.0 = Profile|Win32
		{B88FB9B2-6F53-4FC5-BE34-9783E02AD419}.Release|Win32.ActiveCfg = Release|Win32
		{B88FB9B2-6F53-4FC5-BE34-9783E02AD419}.Release|Win32.Build.0 = Release|Win32
		{E167A697-2D50-488C-8329-7956A9C6E22E}.Debug Compressed|Win32.ActiveCfg = Debug|Win32
		{E167A697-2D50-488C-8329-7956A9C6E22E}.Debug Compressed|Win32.Build.0 = Debug|Win32
		{E167A697-2D50-488C-8329-7956A9C6E22E}.Debug|Win32.ActiveCfg = Debug|Win32
		{E167A697-2D50-488C-8329-7956A9C6E22E}.Debug|Win32.Build.0 = Debug|Win32
		{E167A697-2D50-488C-8329-7956A9C6E22E}.DebugE|Win32.ActiveCfg = Debug|Win32
		{E167A697-2D50-488C-8329-7956A9C6E22E}.DebugE|Win32.Build.0 = Debug|Win32
		{E167A697-2D50-488C-8329-7956A9C6E22E}.GMax Hybrid|Win32.ActiveCfg = Debug|Win32
		{E167A697-2D50-488C-8329-7956A9C6E22E}.GMax Hybrid|Win32.Build.0 = Debug|Win32
		{E167A697-2D50-488C-8329-7956A9C6E22E}.GMax Release|Win32.ActiveCfg = Release|Win32
		{E167A697-2D50-488C-8329-7956A9C6E22E}.GMax Release|Win32.Build.0 = Release|Win32
		{E167A697-2D50-488C-8329-7956A9C6E22E}.Hybrid|Win32.ActiveCfg = Debug|Win32
		{E167A697-2D50-488C-8329-7956A9C6E22E}.Hybrid|Win32.Build.0 = Debug|Win32
		{E167A697-2D50-488C-8329-7956A9C6E22E}.mainMax4Hybrid|Win32.ActiveCfg = Debug|Win32
		{E167A697-2D50-488C-8329-7956A9C6E22E}.mainMax4Hybrid|Win32.Build.0 = Debug|Win32
		{E167A697-2D50-488C-8329-7956A9C6E22E}.Max4Release|Win32.ActiveCfg = Release|Win32
		{E167A697-2D50-488C-8329-7956A9C6E22E}.Max4Release|Win32.Build.0 = Release|Win32
		{E167A697-2D50-488C-8329-7956A9C6E22E}.Profile|Win32.ActiveCfg = Profile|Win32
		{E167A697-2D50-488C-8329-7956A9C6E22E}.Profile|Win32.Build.0 = Profile|Win32
		{E167A697-2D50-488C-8329-7956A9C6E22E}.ProfileE|Win32.ActiveCfg = Profile|Win32
		{E167A697-2D50-488C-8329-7956A9C6E22E}.ProfileE|Win32.Build.0 = Profile|Win32
		{E167A697-2D50-488C-8329-7956A9C6E22E}.Release|Win32.ActiveCfg = Release|Win32
		{E167A697-2D50-488C-8329-7956A9C6E22E}.Release|Win32.Build.0 = Release|Win32
		{016598B6-8690-4D50-81FF-157D00B623FA}.Debug Compressed|Win32.ActiveCfg = DebugE|Win32
		{016598B6-8690-4D50-81FF-157D00B623FA}.Debug Compressed|Win32.Build.0 = DebugE|Win32
		{016598B6-8690-4D50-81FF-157D00B623FA}.Debug|Win32.ActiveCfg = Debug|Win32
		{016598B6-8690-4D50-81FF-157D00B623FA}.Debug|Win32.Build.0 = Debug|Win32
		{016598B6-8690-4D50-81FF-157D00B623FA}.DebugE|Win32.ActiveCfg = DebugE|Win32
		{016598B6-8690-4D50-81FF-157D00B623FA}.DebugE|Win32.Build.0 = DebugE|Win32
		{016598B6-8690-4D50-81FF-157D00B623FA}.GMax Hybrid|Win32.ActiveCfg = Profile|Win32
		{016598B6-8690-4D50-81FF-157D00B623FA}.GMax Hybrid|Win32.Build.0 = Profile|Win32
		{016598B6-8690-4D50-81FF-157D00B623FA}.GMax Release|Win32.ActiveCfg = Release|Win32
		{016598B6-8690-4D50-81FF-157D00B623FA}.GMax Release|Win32.Build.0 = Release|Win32
		{016598B6-8690-4D50-81FF-157D00B623FA}.Hybrid|Win32.ActiveCfg = Profile|Win32
		{016598B6-8690-4D50-81FF-157D00B623FA}.Hybrid|Win32.Build.0 = Profile|Win32
		{016598B6-8690-4D50-81FF-157D00B623FA}.mainMax4Hybrid|Win32.ActiveCfg = Profile|Win32
		{016598B6-8690-4D50-81FF-157D00B623FA}.mainMax4Hybrid|Win32.Build.0 = Profile|Win32
		{016598B6-8690-4D50-81FF-157D00B623FA}.Max4Release|Win32.ActiveCfg = Release|Win32
		{016598B6-8690-4D50-81FF-157D00B623FA}.Max4Release|Win32.Build.0 = Release|Win32
		{016598B6-8690-4D50-81FF-157D00B623FA}.Profile|Win32.ActiveCfg = Profile|Win32
		{016598B6-8690-4D50-81FF-157D00B623FA}.Profile|Win32.Build.0 = Profile|Win32
		{016598B6-8690-4D50-81FF-157D00B623FA}.ProfileE|Win32.ActiveCfg = ProfileE|Win32
		{016598B6-8690-4D50-81FF-157D00B623FA}.ProfileE|Win32.Build.0 = ProfileE|Win32
		{016598B6-8690-4D50-81FF-157D00B623FA}.Release|Win32.ActiveCfg = Release|Win32
		{016598B6-8690-4D50-81FF-157D00B623FA}.Release|Win32.Build.0 = Release|Win32
		{07F14FD6-F16E-46E7-B966-3F6DC86D5A23}.Debug Compressed|Win32.ActiveCfg = Debug|Win32
		{07F14FD6-F16E-46E7-B966-3F6DC86D5A23}.Debug Compressed|Win32.Build.0 = Debug|Win32
		{07F14FD6-F16E-46E7-B966-3F6DC86D5A23}.Debug|Win32.ActiveCfg = Debug|Win32
		{07F14FD6-F16E-46E7-B966-3F6DC86D5A23}.Debug|Win32.Build.0 = Debug|Win32
		{07F14FD6-F16E-46E7-B966-3F6DC86D5A23}.DebugE|Win32.ActiveCfg = Debug|Win32
		{07F14FD6-F16E-46E7-B966-3F6DC86D5A23}.DebugE|Win32.Build.0 = Debug|Win32
		{07F14FD6-F16E-46E7-B966-3F6DC86D5A23}.GMax Hybrid|Win32.ActiveCfg = Release|Win32
		{07F14FD6-F16E-46E7-B966-3F6DC86D5A23}.GMax Hybrid|Win32.Build.0 = Release|Win32
		{07F14FD6-F16E-46E7-B966-3F6DC86D5A23}.GMax Release|Win32.ActiveCfg = Release|Win32
		{07F14FD6-F16E-46E7-B966-3F6DC86D5A23}.GMax Release|Win32.Build.0 = Release|Win32
		{07F14FD6-F16E-46E7-B966-3F6DC86D5A23}.Hybrid|Win32.ActiveCfg = Release|Win32
		{07F14FD6-F16E-46E7-B966-3F6DC86D5A23}.Hybrid|Win32.Build.0 = Release|Win32
		{07F14FD6-F16E-46E7-B966-3F6DC86D5A23}.mainMax4Hybrid|Win32.ActiveCfg = Release|Win32
		{07F14FD6-F16E-46E7-B966-3F6DC86D5A23}.mainMax4Hybrid|Win32.Build.0 = Release|Win32
		{07F14FD6-F16E-46E7-B966-3F6DC86D5A23}.Max4Release|Win32.ActiveCfg = Release|Win32
		{07F14FD6-F16E-46E7-B966-3F6DC86D5A23}.Max4Release|Win32.Build.0 = Release|Win32
		{07F14FD6-F16E-46E7-B966-3F6DC86D5A23}.Profile|Win32.ActiveCfg = Release|Win32
		{07F14FD6-F16E-46E7-B966-3F6DC86D5A23}.Profile|Win32.Build.0 = Release|Win32
		{07F14FD6-F16E-46E7-B966-3F6DC86D5A23}.ProfileE|Win32.ActiveCfg = Release|Win32
		{07F14FD6-F16E-46E7-B966-3F6DC86D5A23}.ProfileE|Win32.Build.0 = Release|Win32
		{07F14FD6-F16E-46E7-B966-3F6DC86D5A23}.Release|Win32.ActiveCfg = Release|Win32
		{07F14FD6-F16E-46E7-B966-3F6DC86D5A23}.Release|Win32.Build.0 = Release|Win32
		{3D5AADCD-EF23-4692-8CAF-D66F5B72274C}.Debug Compressed|Win32.ActiveCfg = Debug|Win32
		{3D5AADCD-EF23-4692-8CAF-D66F5B72274C}.Debug Compressed|Win32.Build.0 = Debug|Win32
		{3D5AADCD-EF23-4692-8CAF-D66F5B72274C}.Debug|Win32.ActiveCfg = Debug|Win32
		{3D5AADCD-EF23-4692-8CAF-D66F5B72274C}.Debug|Win32.Build.0 = Debug|Win32
		{3D5AADCD-EF23-4692-8CAF-D66F5B72274C}.DebugE|Win32.ActiveCfg = Debug|Win32
		{3D5AADCD-EF23-4692-8CAF-D66F5B72274C}.DebugE|Win32.Build.0 = Debug|Win32
		{3D5AADCD-EF23-4692-8CAF-D66F5B72274C}.GMax Hybrid|Win32.ActiveCfg = Debug|Win32
		{3D5AADCD-EF23-4692-8CAF-D66F5B72274C}.GMax Hybrid|Win32.Build.0 = Debug|Win32
		{3D5AADCD-EF23-4692-8CAF-D66F5B72274C}.GMax Release|Win32.ActiveCfg = Release|Win32
		{3D5AADCD-EF23-4692-8CAF-D66F5B72274C}.GMax Release|Win32.Build.0 = Release|Win32
		{3D5AADCD-EF23-4692-8CAF-D66F5B72274C}.Hybrid|Win32.ActiveCfg = Debug|Win32
		{3D5AADCD-EF23-4692-8CAF-D66F5B72274C}.Hybrid|Win32.Build.0 = Debug|Win32
		{3D5AADCD-EF23-4692-8CAF-D66F5B72274C}.mainMax4Hybrid|Win32.ActiveCfg = Debug|Win32
		{3D5AADCD-EF23-4692-8CAF-D66F5B72274C}.mainMax4Hybrid|Win32.Build.0 = Debug|Win32
		{3D5AADCD-EF23-4692-8CAF-D66F5B72274C}.Max4Release|Win32.ActiveCfg = Release|Win32
		{3D5AADCD-EF23-4692-8CAF-D66F5B72274C}.Max4Release|Win32.Build.0 = Release|Win32
		{3D5AADCD-EF23-4692-8CAF-D66F5B72274C}.Profile|Win32.ActiveCfg = Profile|Win32
		{3D5AADCD-EF23-4692-8CAF-D66F5B72274C}.Profile|Win32.Build.0 = Profile|Win32
		{3D5AADCD-EF23-4692-8CAF-D66F5B72274C}.ProfileE|Win32.ActiveCfg = Profile|Win32
		{3D5AADCD-EF23-4692-8CAF-D66F5B72274C}.ProfileE|Win32.Build.0 = Profile|Win32
		{3D5AADCD-EF23-4692-8CAF-D66F5B72274C}.Release|Win32.ActiveCfg = Release|Win32
		{3D5AADCD-EF23-4692-8CAF-D66F5B72274C}.Release|Win32.Build.0 = Release|Win32
		{6A0E39D6-BDD5-4534-8A3F-B511201B2CE3}.Debug Compressed|Win32.ActiveCfg = Debug|Win32
		{6A0E39D6-BDD5-4534-8A3F-B511201B2CE3}.Debug Compressed|Win32.Build.0 = Debug|Win32
		{6A0E39D6-BDD5-4534-8A3F-B511201B2CE3}.Debug|Win32.ActiveCfg = Debug|Win32
		{6A0E39D6-BDD5-4534-8A3F-B511201B2CE3}.Debug|Win32.Build.0 = Debug|Win32
		{6A0E39D6-BDD5-4534-8A3F-B511201B2CE3}.DebugE|Win32.ActiveCfg = Debug|Win32
		{6A0E39D6-BDD5-4534-8A3F-B511201B2CE3}.DebugE|Win32.Build.0 = Debug|Win32
		{6A0E39D6-BDD5-4534-8A3F-B511201B2CE3}.GMax Hybrid|Win32.ActiveCfg = Debug|Win32
		{6A0E39D6-BDD5-4534-8A3F-B511201B2CE3}.GMax Hybrid|Win32.Build.0 = Debug|Win32
		{6A0E39D6-BDD5-4534-8A3F-B511201B2CE3}.GMax Release|Win32.ActiveCfg = Release|Win32
		{6A0E39D6-BDD5-4534-8A3F-B511201B2CE3}.GMax Release|Win32.Build.0 = Release|Win32
		{6A0E39D6-BDD5-4534-8A3F-B511201B2CE3}.Hybrid|Win32.ActiveCfg = Debug|Win32
		{6A0E39D6-BDD5-4534-8A3F-B511201B2CE3}.Hybrid|Win32.Build.0 = Debug|Win32
		{6A0E39D6-BDD5-4534-8A3F-B511201B2CE3}.mainMax4Hybrid|Win32.ActiveCfg = Debug|Win32
		{6A0E39D6-BDD5-4534-8A3F-B511201B2CE3}.mainMax4Hybrid|Win32.Build.0 = Debug|Win32
		{6A0E39D6-BDD5-4534-8A3F-B511201B2CE3}.Max4Release|Win32.ActiveCfg = Release|Win32
		{6A0E39D6-BDD5-4534-8A3F-B511201B2CE3}.Max4Release|Win32.Build.0 = Release|Win32
		{6A0E39D6-BDD5-4534-8A3F-B511201B2CE3}.Profile|Win32.ActiveCfg = Profile|Win32
		{6A0E39D6-BDD5-4534-8A3F-B511201B2CE3}.Profile|Win32.Build.0 = Profile|Win32
		{6A0E39D6-BDD5-4534-8A3F-B511201B2CE3}.ProfileE|Win32.ActiveCfg = Profile|Win32
		{6A0E39D6-BDD5-4534-8A3F-B511201B2CE3}.ProfileE|Win32.Build.0 = Profile|Win32
		{6A0E39D6-BDD5-4534-8A3F-B511201B2CE3}.Release|Win32.ActiveCfg = Release|Win32
		{6A0E39D6-BDD5-4534-8A3F-B511201B2CE3}.Release|Win32.Build.0 = Release|Win32
		{775D24E8-5B79-4C8A-AD9D-873E2B7CD441}.Debug Compressed|Win32.ActiveCfg = Debug|Win32
		{775D24E8-5B79-4C8A-AD9D-873E2B7CD441}.Debug Compressed|Win32.Build.0 = Debug|Win32
		{775D24E8-5B79-4C8A-AD9D-873E2B7CD441}.Debug|Win32.ActiveCfg = Debug|Win32
		{775D24E8-5B79-4C8A-AD9D-873E2B7CD441}.Debug|Win32.Build.0 = Debug|Win32
		{775D24E8-5B79-4C8A-AD9D-873E2B7CD441}.DebugE|Win32.ActiveCfg = Debug|Win32
		{775D24E8-5B79-4C8A-AD9D-873E2B7CD441}.DebugE|Win32.Build.0 = Debug|Win32
		{775D24E8-5B79-4C8A-AD9D-873E2B7CD441}.GMax Hybrid|Win32.ActiveCfg = GMax Hybrid|Win32
		{775D24E8-5B79-4C8A-AD9D-873E2B7CD441}.GMax Hybrid|Win32.Build.0 = GMax Hybrid|Win32
		{775D24E8-5B79-4C8A-AD9D-873E2B7CD441}.GMax Release|Win32.ActiveCfg = GMax Release|Win32
		{775D24E8-5B79-4C8A-AD9D-873E2B7CD441}.GMax Release|Win32.Build.0 = GMax Release|Win32
		{775D24E8-5B79-4C8A-AD9D-873E2B7CD441}.Hybrid|Win32.ActiveCfg = Hybrid|Win32
		{775D24E8-5B79-4C8A-AD9D-873E2B7CD441}.Hybrid|Win32.Build.0 = Hybrid|Win32
		{775D24E8-5B79-4C8A-AD9D-873E2B7CD441}.mainMax4Hybrid|Win32.ActiveCfg = mainMax4Hybrid|Win32
		{775D24E8-5B79-4C8A-AD9D-873E2B7CD441}.mainMax4Hybrid|Win32.Build.0 = mainMax4Hybrid|Win32
		{775D24E8-5B79-4C8A-AD9D-873E2B7CD441}.Max4Release|Win32.ActiveCfg = Max4Release|Win32
		{775D24E8-5B79-4C8A-AD9D-873E2B7CD441}.Max4Release|Win32.Build.0 = Max4Release|Win32
		{775D24E8-5B79-4C8A-AD9D-873E2B7CD441}.Profile|Win32.ActiveCfg = Hybrid|Win32
		{775D24E8-5B79-4C8A-AD9D-873E2B7CD441}.Profile|Win32.Build.0 = Hybrid|Win32
		{775D24E8-5B79-4C8A-AD9D-873E2B7CD441}.ProfileE|Win32.ActiveCfg = Hybrid|Win32
		{775D24E8-5B79-4C8A-AD9D-873E2B7CD441}.ProfileE|Win32.Build.0 = Hybrid|Win32
		{775D24E8-5B79-4C8A-AD9D-873E2B7CD441}.Release|Win32.ActiveCfg = Release|Win32
		{775D24E8-5B79-4C8A-AD9D-873E2B7CD441}.Release|Win32.Build.0 = Release|Win32
		{BFE981D3-7F4D-4339-BC6C-C0BC3BEC2F99}.Debug Compressed|Win32.ActiveCfg = Debug Compressed|Win32
		{BFE981D3-7F4D-4339-BC6C-C0BC3BEC2F99}.Debug Compressed|Win32.Build.0 = Debug Compressed|Win32
		{BFE981D3-7F4D-4339-BC6C-C0BC3BEC2F99}.Debug|Win32.ActiveCfg = Debug|Win32
		{BFE981D3-7F4D-4339-BC6C-C0BC3BEC2F99}.Debug|Win32.Build.0 = Debug|Win32
		{BFE981D3-7F4D-4339-BC6C-C0BC3BEC2F99}.DebugE|Win32.ActiveCfg = DebugE|Win32
		{BFE981D3-7F4D-4339-BC6C-C0BC3BEC2F99}.DebugE|Win32.Build.0 = DebugE|Win32
		{BFE981D3-7F4D-4339-BC6C-C0BC3BEC2F99}.GMax Hybrid|Win32.ActiveCfg = Release|Win32
		{BFE981D3-7F4D-4339-BC6C-C0BC3BEC2F99}.GMax Hybrid|Win32.Build.0 = Release|Win32
		{BFE981D3-7F4D-4339-BC6C-C0BC3BEC2F99}.GMax Release|Win32.ActiveCfg = Release|Win32
		{BFE981D3-7F4D-4339-BC6C-C0BC3BEC2F99}.GMax Release|Win32.Build.0 = Release|Win32
		{BFE981D3-7F4D-4339-BC6C-C0BC3BEC2F99}.Hybrid|Win32.ActiveCfg = Release|Win32
		{BFE981D3-7F4D-4339-BC6C-C0BC3BEC2F99}.Hybrid|Win32.Build.0 = Release|Win32
		{BFE981D3-7F4D-4339-BC6C-C0BC3BEC2F99}.mainMax4Hybrid|Win32.ActiveCfg = Release|Win32
		{BFE981D3-7F4D-4339-BC6C-C0BC3BEC2F99}.mainMax4Hybrid|Win32.Build.0 = Release|Win32
		{BFE981D3-7F4D-4339-BC6C-C0BC3BEC2F99}.Max4Release|Win32.ActiveCfg = Release|Win32
		{BFE981D3-7F4D-4339-BC6C-C0BC3BEC2F99}.Max4Release|Win32.Build.0 = Release|Win32
		{BFE981D3-7F4D-4339-BC6C-C0BC3BEC2F99}.Profile|Win32.ActiveCfg = Profile|Win32
		{BFE981D3-7F4D-4339-BC6C-C0BC3BEC2F99}.Profile|Win32.Build.0 = Profile|Win32
		{BFE981D3-7F4D-4339-BC6C-C0BC3BEC2F99}.ProfileE|Win32.ActiveCfg = ProfileE|Win32
		{BFE981D3-7F4D-4339-BC6C-C0BC3BEC2F99}.ProfileE|Win32.Build.0 = ProfileE|Win32
		{BFE981D3-7F4D-4339-BC6C-C0BC3BEC2F99}.Release|Win32.ActiveCfg = Release|Win32
		{BFE981D3-7F4D-4339-BC6C-C0BC3BEC2F99}.Release|Win32.Build.0 = Release|Win32
		{8FB332B5-C987-429A-849A-175649A040FA}.Debug Compressed|Win32.ActiveCfg = Debug|Win32
		{8FB332B5-C987-429A-849A-175649A040FA}.Debug Compressed|Win32.Build.0 = Debug|Win32
		{8FB332B5-C987-429A-849A-175649A040FA}.Debug|Win32.ActiveCfg = Debug|Win32
		{8FB332B5-C987-429A-849A-175649A040FA}.Debug|Win32.Build.0 = Debug|Win32
		{8FB332B5-C987-429A-849A-175649A040FA}.DebugE|Win32.ActiveCfg = Debug|Win32
		{8FB332B5-C987-429A-849A-175649A040FA}.DebugE|Win32.Build.0 = Debug|Win32
		{8FB332B5-C987-429A-849A-175649A040FA}.GMax Hybrid|Win32.ActiveCfg = Debug|Win32
		{8FB332B5-C987-429A-849A-175649A040FA}.GMax Hybrid|Win32.Build.0 = Debug|Win32
		{8FB332B5-C987-429A-849A-175649A040FA}.GMax Release|Win32.ActiveCfg = Release|Win32
		{8FB332B5-C987-429A-849A-175649A040FA}.GMax Release|Win32.Build.0 = Release|Win32
		{8FB332B5-C987-429A-849A-175649A040FA}.Hybrid|Win32.ActiveCfg = Debug|Win32
		{8FB332B5-C987-429A-849A-175649A040FA}.Hybrid|Win32.Build.0 = Debug|Win32
		{8FB332B5-C987-429A-849A-175649A040FA}.mainMax4Hybrid|Win32.ActiveCfg = Debug|Win32
		{8FB332B5-C987-429A-849A-175649A040FA}.mainMax4Hybrid|Win32.Build.0 = Debug|Win32
		{8FB332B5-C987-429A-849A-175649A040FA}.Max4Release|Win32.ActiveCfg = Release|Win32
		{8FB332B5-C987-429A-849A-175649A040FA}.Max4Release|Win32.Build.0 = Release|Win32
		{8FB332B5-C987-429A-849A-175649A040FA}.Profile|Win32.ActiveCfg = Profile|Win32
		{8FB332B5-C987-429A-849A-175649A040FA}.Profile|Win32.Build.0 = Profile|Win32
		{8FB332B5-C987-429A-849A-175649A040FA}.ProfileE|Win32.ActiveCfg = Profile|Win32
		{8FB332B5-C987-429A-849A-175649A040FA}.ProfileE|Win32.Build.0 = Profile|Win32
		{8FB332B5-C987-429A-849A-175649A040FA}.Release|Win32.ActiveCfg = Release|Win32
		{8FB332B5-C987-429A-849A-175649A040FA}.Release|Win32.Build.0 = Release|Win32
		{6C6C0E06-E697-4BA0-97BB-1A3E3E93D515}.Debug Compressed|Win32.ActiveCfg = DebugE|Win32
		{6C6C0E06-E697-4BA0-97BB-1A3E3E93D515}.Debug Compressed|Win32.Build.0 = DebugE|Win32
		{6C6C0E06-E697-4BA0-97BB-1A3E3E93D515}.Debug|Win32.ActiveCfg = Debug|Win32
		{6C6C0E06-E697-4BA0-97BB-1A3E3E93D515}.Debug|Win32.Build.0 = Debug|Win32
		{6C6C0E06-E697-4BA0-97BB-1A3E3E93D515}.DebugE|Win32.ActiveCfg = DebugE|Win32
		{6C6C0E06-E697-4BA0-97BB-1A3E3E93D515}.DebugE|Win32.Build.0 = DebugE|Win32
		{6C6C0E06-E697-4BA0-97BB-1A3E3E93D515}.GMax Hybrid|Win32.ActiveCfg = DebugE|Win32
		{6C6C0E06-E697-4BA0-97BB-1A3E3E93D515}.GMax Hybrid|Win32.Build.0 = DebugE|Win32
		{6C6C0E06-E697-4BA0-97BB-1A3E3E93D515}.GMax Release|Win32.ActiveCfg = Release|Win32
		{6C6C0E06-E697-4BA0-97BB-1A3E3E93D515}.GMax Release|Win32.Build.0 = Release|Win32
		{6C6C0E06-E697-4BA0-97BB-1A3E3E93D515}.Hybrid|Win32.ActiveCfg = DebugE|Win32
		{6C6C0E06-E697-4BA0-97BB-1A3E3E93D515}.Hybrid|Win32.Build.0 = DebugE|Win32
		{6C6C0E06-E697-4BA0-97BB-1A3E3E93D515}.mainMax4Hybrid|Win32.ActiveCfg = DebugE|Win32
		{6C6C0E06-E697-4BA0-97BB-1A3E3E93D515}.mainMax4Hybrid|Win32.Build.0 = DebugE|Win32
		{6C6C0E06-E697-4BA0-97BB-1A3E3E93D515}.Max4Release|Win32.ActiveCfg = Release|Win32
		{6C6C0E06-E697-4BA0-97BB-1A3E3E93D515}.Max4Release|Win32.Build.0 = Release|Win32
		{6C6C0E06-E697-4BA0-97BB-1A3E3E93D515}.Profile|Win32.ActiveCfg = Profile|Win32
		{6C6C0E06-E697-4BA0-97BB-1A3E3E93D515}.Profile|Win32.Build.0 = Profile|Win32
		{6C6C0E06-E697-4BA0-97BB-1A3E3E93D515}.ProfileE|Win32.ActiveCfg = ProfileE|Win32
		{6C6C0E06-E697-4BA0-97BB-1A3E3E93D515}.ProfileE|Win32.Build.0 = ProfileE|Win32
		{6C6C0E06-E697-4BA0-97BB-1A3E3E93D515}.Release|Win32.ActiveCfg = Release|Win32
		{6C6C0E06-E697-4BA0-97BB-1A3E3E93D515}.Release|Win32.Build.0 = Release|Win32
		{425467FE-F137-4027-92CE-622B585FAF5F}.Debug Compressed|Win32.ActiveCfg = Debug|Win32
		{425467FE-F137-4027-92CE-622B585FAF5F}.Debug Compressed|Win32.Build.0 = Debug|Win32
		{425467FE-F137-4027-92CE-622B585FAF5F}.Debug|Win32.ActiveCfg = Debug|Win32
		{425467FE-F137-4027-92CE-622B585FAF5F}.Debug|Win32.Build.0 = Debug|Win32
		{425467FE-F137-4027-92CE-622B585FAF5F}.DebugE|Win32.ActiveCfg = Debug|Win32
		{425467FE-F137-4027-92CE-622B585FAF5F}.DebugE|Win32.Build.0 = Debug|Win32
		{425467FE-F137-4027-92CE-622B585FAF5F}.GMax Hybrid|Win32.ActiveCfg = Profile|Win32
		{425467FE-F137-4027-92CE-622B585FAF5F}.GMax Hybrid|Win32.Build.0 = Profile|Win32
		{425467FE-F137-4027-92CE-622B585FAF5F}.GMax Release|Win32.ActiveCfg = Release|Win32
		{425467FE-F137-4027-92CE-622B585FAF5F}.GMax Release|Win32.Build.0 = Release|Win32
		{425467FE-F137-4027-92CE-622B585FAF5F}.Hybrid|Win32.ActiveCfg = Profile|Win32
		{425467FE-F137-4027-92CE-622B585FAF5F}.Hybrid|Win32.Build.0 = Profile|Win32
		{425467FE-F137-4027-92CE-622B585FAF5F}.mainMax4Hybrid|Win32.ActiveCfg = Profile|Win32
		{425467FE-F137-4027-92CE-622B585FAF5F}.mainMax4Hybrid|Win32.Build.0 = Profile|Win32
		{425467FE-F137-4027-92CE-622B585FAF5F}.Max4Release|Win32.ActiveCfg = Release|Win32
		{425467FE-F137-4027-92CE-622B585FAF5F}.Max4Release|Win32.Build.0 = Release|Win32
		{425467FE-F137-4027-92CE-622B585FAF5F}.Profile|Win32.ActiveCfg = Profile|Win32
		{425467FE-F137-4027-92CE-622B585FAF5F}.Profile|Win32.Build.0 = Profile|Win32
		{425467FE-F137-4027-92CE-622B585FAF5F}.ProfileE|Win32.ActiveCfg = Profile|Win32
		{425467FE-F137-4027-92CE-622B585FAF5F}.ProfileE|Win32.Build.0 = Profile|Win32
		{425467FE-F137-4027-92CE-622B585FAF5F}.Release|Win32.ActiveCfg = Release|Win32
		{425467FE-F137-4027-92CE-622B585FAF5F}.Release|Win32.Build.0 = Release|Win32
		{6DDA51F5-6C88-4F42-ABA9-1685FEA74649}.Debug Compressed|Win32.ActiveCfg = Debug|Win32
		{6DDA51F5-6C88-4F42-ABA9-1685FEA74649}.Debug Compressed|Win32.Build.0 = Debug|Win32
		{6DDA51F5-6C88-4F42-ABA9-1685FEA74649}.Debug|Win32.ActiveCfg = Debug|Win32
		{6DDA51F5-6C88-4F42-ABA9-1685FEA74649}.Debug|Win32.Build.0 = Debug|Win32
		{6DDA51F5-6C88-4F42-ABA9-1685FEA74649}.DebugE|Win32.ActiveCfg = Debug|Win32
		{6DDA51F5-6C88-4F42-ABA9-1685FEA74649}.DebugE|Win32.Build.0 = Debug|Win32
		{6DDA51F5-6C88-4F42-ABA9-1685FEA74649}.GMax Hybrid|Win32.ActiveCfg = Profile|Win32
		{6DDA51F5-6C88-4F42-ABA9-1685FEA74649}.GMax Hybrid|Win32.Build.0 = Profile|Win32
		{6DDA51F5-6C88-4F42-ABA9-1685FEA74649}.GMax Release|Win32.ActiveCfg = Release|Win32
		{6DDA51F5-6C88-4F42-ABA9-1685FEA74649}.GMax Release|Win32.Build.0 = Release|Win32
		{6DDA51F5-6C88-4F42-ABA9-1685FEA74649}.Hybrid|Win32.ActiveCfg = Profile|Win32
		{6DDA51F5-6C88-4F42-ABA9-1685FEA74649}.Hybrid|Win32.Build.0 = Profile|Win32
		{6DDA51F5-6C88-4F42-ABA9-1685FEA74649}.mainMax4Hybrid|Win32.ActiveCfg = Profile|Win32
		{6DDA51F5-6C88-4F42-ABA9-1685FEA74649}.mainMax4Hybrid|Win32.Build.0 = Profile|Win32
		{6DDA51F5-6C88-4F42-ABA9-1685FEA74649}.Max4Release|Win32.ActiveCfg = Release|Win32
		{6DDA51F5-6C88-4F42-ABA9-1685FEA74649}.Max4Release|Win32.Build.0 = Release|Win32
		{6DDA51F5-6C88-4F42-ABA9-1685FEA74649}.Profile|Win32.ActiveCfg = Profile|Win32
		{6DDA51F5-6C88-4F42-ABA9-1685FEA74649}.Profile|Win32.Build.0 = Profile|Win32
		{6DDA51F5-6C88-4F42-ABA9-1685FEA74649}.ProfileE|Win32.ActiveCfg = Profile|Win32
		{6DDA51F5-6C88-4F42-ABA9-1685FEA74649}.ProfileE|Win32.Build.0 = Profile|Win32
		{6DDA51F5-6C88-4F42-ABA9-1685FEA74649}.Release|Win32.ActiveCfg = Release|Win32
		{6DDA51F5-6C88-4F42-ABA9-1685FEA74649}.Release|Win32.Build.0 = Release|Win32
		{1D33171C-AFAE-478A-9C9A-B314F9CCCA8B}.Debug Compressed|Win32.ActiveCfg = Debug|Win32
		{1D33171C-AFAE-478A-9C9A-B314F9CCCA8B}.Debug Compressed|Win32.Build.0 = Debug|Win32
		{1D33171C-AFAE-478A-9C9A-B314F9CCCA8B}.Debug|Win32.ActiveCfg = Debug|Win32
		{1D33171C-AFAE-478A-9C9A-B314F9CCCA8B}.Debug|Win32.Build.0 = Debug|Win32
		{1D33171C-AFAE-478A-9C9A-B314F9CCCA8B}.DebugE|Win32.ActiveCfg = Debug|Win32
		{1D33171C-AFAE-478A-9C9A-B314F9CCCA8B}.DebugE|Win32.Build.0 = Debug|Win32
		{1D33171C-AFAE-478A-9C9A-B314F9CCCA8B}.GMax Hybrid|Win32.ActiveCfg = Debug|Win32
		{1D33171C-AFAE-478A-9C9A-B314F9CCCA8B}.GMax Hybrid|Win32.Build.0 = Debug|Win32
		{1D33171C-AFAE-478A-9C9A-B314F9CCCA8B}.GMax Release|Win32.ActiveCfg = Release|Win32
		{1D33171C-AFAE-478A-9C9A-B314F9CCCA8B}.GMax Release|Win32.Build.0 = Release|Win32
		{1D33171C-AFAE-478A-9C9A-B314F9CCCA8B}.Hybrid|Win32.ActiveCfg = Debug|Win32
		{1D33171C-AFAE-478A-9C9A-B314F9CCCA8B}.Hybrid|Win32.Build.0 = Debug|Win32
		{1D33171C-AFAE-478A-9C9A-B314F9CCCA8B}.mainMax4Hybrid|Win32.ActiveCfg = Debug|Win32
		{1D33171C-AFAE-478A-9C9A-B314F9CCCA8B}.mainMax4Hybrid|Win32.Build.0 = Debug|Win32
		{1D33171C-AFAE-478A-9C9A-B314F9CCCA8B}.Max4Release|Win32.ActiveCfg = Release|Win32
		{1D33171C-AFAE-478A-9C9A-B314F9CCCA8B}.Max4Release|Win32.Build.0 = Release|Win32
		{1D33171C-AFAE-478A-9C9A-B314F9CCCA8B}.Profile|Win32.ActiveCfg = Profile|Win32
		{1D33171C-AFAE-478A-9C9A-B314F9CCCA8B}.Profile|Win32.Build.0 = Profile|Win32
		{1D33171C-AFAE-478A-9C9A-B314F9CCCA8B}.ProfileE|Win32.ActiveCfg = Profile|Win32
		{1D33171C-AFAE-478A-9C9A-B314F9CCCA8B}.ProfileE|Win32.Build.0 = Profile|Win32
		{1D33171C-AFAE-478A-9C9A-B314F9CCCA8B}.Release|Win32.ActiveCfg = Release|Win32
		{1D33171C-AFAE-478A-9C9A-B314F9CCCA8B}.Release|Win32.Build.0 = Release|Win32
		{ADE50808-214E-4C7C-8851-60519FA190DF}.Debug Compressed|Win32.ActiveCfg = DebugE|Win32
		{ADE50808-214E-4C7C-8851-60519FA190DF}.Debug Compressed|Win32.Build.0 = DebugE|Win32
		{ADE50808-214E-4C7C-8851-60519FA190DF}.Debug|Win32.ActiveCfg = Debug|Win32
		{ADE50808-214E-4C7C-8851-60519FA190DF}.Debug|Win32.Build.0 = Debug|Win32
		{ADE50808-214E-4C7C-8851-60519FA190DF}.DebugE|Win32.ActiveCfg = DebugE|Win32
		{ADE50808-214E-4C7C-8851-60519FA190DF}.DebugE|Win32.Build.0 = DebugE|Win32
		{ADE50808-214E-4C7C-8851-60519FA190DF}.GMax Hybrid|Win32.ActiveCfg = ProfileE|Win32
		{ADE50808-214E-4C7C-8851-60519FA190DF}.GMax Hybrid|Win32.Build.0 = ProfileE|Win32
		{ADE50808-214E-4C7C-8851-60519FA190DF}.GMax Release|Win32.ActiveCfg = Release|Win32
		{ADE50808-214E-4C7C-8851-60519FA190DF}.GMax Release|Win32.Build.0 = Release|Win32
		{ADE50808-214E-4C7C-8851-60519FA190DF}.Hybrid|Win32.ActiveCfg = ProfileE|Win32
		{ADE50808-214E-4C7C-8851-60519FA190DF}.Hybrid|Win32.Build.0 = ProfileE|Win32
		{ADE50808-214E-4C7C-8851-60519FA190DF}.mainMax4Hybrid|Win32.ActiveCfg = ProfileE|Win32
		{ADE50808-214E-4C7C-8851-60519FA190DF}.mainMax4Hybrid|Win32.Build.0 = ProfileE|Win32
		{ADE50808-214E-4C7C-8851-60519FA190DF}.Max4Release|Win32.ActiveCfg = Release|Win32
		{ADE50808-214E-4C7C-8851-60519FA190DF}.Max4Release|Win32.Build.0 = Release|Win32
		{ADE50808-214E-4C7C-8851-60519FA190DF}.Profile|Win32.ActiveCfg = Profile|Win32
		{ADE50808-214E-4C7C-8851-60519FA190DF}.Profile|Win32.Build.0 = Profile|Win32
		{ADE50808-214E-4C7C-8851-60519FA190DF}.ProfileE|Win32.ActiveCfg = ProfileE|Win32
		{ADE50808-214E-4C7C-8851-60519FA190DF}.ProfileE|Win32.Build.0 = ProfileE|Win32
		{ADE50808-214E-4C7C-8851-60519FA190DF}.Release|Win32.ActiveCfg = Release|Win32
		{ADE50808-214E-4C7C-8851-60519FA190DF}.Release|Win32.Build.0 = Release|Win32
		{ADD92C64-52D2-4D83-8435-57288F16980D}.Debug Compressed|Win32.ActiveCfg = Debug|Win32
		{ADD92C64-52D2-4D83-8435-57288F16980D}.Debug Compressed|Win32.Build.0 = Debug|Win32
		{ADD92C64-52D2-4D83-8435-57288F16980D}.Debug|Win32.ActiveCfg = Debug|Win32
		{ADD92C64-52D2-4D83-8435-57288F16980D}.Debug|Win32.Build.0 = Debug|Win32
		{ADD92C64-52D2-4D83-8435-57288F16980D}.DebugE|Win32.ActiveCfg = DebugE|Win32
		{ADD92C64-52D2-4D83-8435-57288F16980D}.DebugE|Win32.Build.0 = DebugE|Win32
		{ADD92C64-52D2-4D83-8435-57288F16980D}.GMax Hybrid|Win32.ActiveCfg = Debug|Win32
		{ADD92C64-52D2-4D83-8435-57288F16980D}.GMax Hybrid|Win32.Build.0 = Debug|Win32
		{ADD92C64-52D2-4D83-8435-57288F16980D}.GMax Release|Win32.ActiveCfg = Release|Win32
		{ADD92C64-52D2-4D83-8435-57288F16980D}.GMax Release|Win32.Build.0 = Release|Win32
		{ADD92C64-52D2-4D83-8435-57288F16980D}.Hybrid|Win32.ActiveCfg = Debug|Win32
		{ADD92C64-52D2-4D83-8435-57288F16980D}.Hybrid|Win32.Build.0 = Debug|Win32
		{ADD92C64-52D2-4D83-8435-57288F16980D}.mainMax4Hybrid|Win32.ActiveCfg = Debug|Win32
		{ADD92C64-52D2-4D83-8435-57288F16980D}.mainMax4Hybrid|Win32.Build.0 = Debug|Win32
		{ADD92C64-52D2-4D83-8435-57288F16980D}.Max4Release|Win32.ActiveCfg = Release|Win32
		{ADD92C64-52D2-4D83-8435-57288F16980D}.Max4Release|Win32.Build.0 = Release|Win32
		{ADD92C64-52D2-4D83-8435-57288F16980D}.Profile|Win32.ActiveCfg = Profile|Win32
		{ADD92C64-52D2-4D83-8435-57288F16980D}.Profile|Win32.Build.0 = Profile|Win32
		{ADD92C64-52D2-4D83-8435-57288F16980D}.ProfileE|Win32.ActiveCfg = ProfileE|Win32
		{ADD92C64-52D2-4D83-8435-57288F16980D}.ProfileE|Win32.Build.0 = ProfileE|Win32
		{ADD92C64-52D2-4D83-8435-57288F16980D}.Release|Win32.ActiveCfg = Release|Win32
		{ADD92C64-52D2-4D83-8435-57288F16980D}.Release|Win32.Build.0 = Release|Win32
		{46884A64-7191-412A-BD28-C20ACC59B64A}.Debug Compressed|Win32.ActiveCfg = Debug|Win32
		{46884A64-7191-412A-BD28-C20ACC59B64A}.Debug Compressed|Win32.Build.0 = Debug|Win32
		{46884A64-7191-412A-BD28-C20ACC59B64A}.Debug|Win32.ActiveCfg = Debug|Win32
		{46884A64-7191-412A-BD28-C20ACC59B64A}.Debug|Win32.Build.0 = Debug|Win32
		{46884A64-7191-412A-BD28-C20ACC59B64A}.DebugE|Win32.ActiveCfg = Debug|Win32
		{46884A64-7191-412A-BD28-C20ACC59B64A}.DebugE|Win32.Build.0 = Debug|Win32
		{46884A64-7191-412A-BD28-C20ACC59B64A}.GMax Hybrid|Win32.ActiveCfg = Debug|Win32
		{46884A64-7191-412A-BD28-C20ACC59B64A}.GMax Hybrid|Win32.Build.0 = Debug|Win32
		{46884A64-7191-412A-BD28-C20ACC59B64A}.GMax Release|Win32.ActiveCfg = Release|Win32
		{46884A64-7191-412A-BD28-C20ACC59B64A}.GMax Release|Win32.Build.0 = Release|Win32
		{46884A64-7191-412A-BD28-C20ACC59B64A}.Hybrid|Win32.ActiveCfg = Debug|Win32
		{46884A64-7191-412A-BD28-C20ACC59B64A}.Hybrid|Win32.Build.0 = Debug|Win32
		{46884A64-7191-412A-BD28-C20ACC59B64A}.mainMax4Hybrid|Win32.ActiveCfg = Debug|Win32
		{46884A64-7191-412A-BD28-C20ACC59B64A}.mainMax4Hybrid|Win32.Build.0 = Debug|Win32
		{46884A64-7191-412A-BD28-C20ACC59B64A}.Max4Release|Win32.ActiveCfg = Release|Win32
		{46884A64-7191-412A-BD28-C20ACC59B64A}.Max4Release|Win32.Build.0 = Release|Win32
		{46884A64-7191-412A-BD28-C20ACC59B64A}.Profile|Win32.ActiveCfg = Profile|Win32
		{46884A64-7191-412A-BD28-C20ACC59B64A}.Profile|Win32.Build.0 = Profile|Win32
		{46884A64-7191-412A-BD28-C20ACC59B64A}.ProfileE|Win32.ActiveCfg = Profile|Win32
		{46884A64-7191-412A-BD28-C20ACC59B64A}.ProfileE|Win32.Build.0 = Profile|Win32
		{46884A64-7191-412A-BD28-C20ACC59B64A}.Release|Win32.ActiveCfg = Release|Win32
		{46884A64-7191-412A-BD28-C20ACC59B64A}.Release|Win32.Build.0 = Release|Win32
		{4AF841DE-5DF4-4E3D-A6F3-98646AD396A9}.Debug Compressed|Win32.ActiveCfg = Debug|Win32
		{4AF841DE-5DF4-4E3D-A6F3-98646AD396A9}.Debug Compressed|Win32.Build.0 = Debug|Win32
		{4AF841DE-5DF4-4E3D-A6F3-98646AD396A9}.Debug|Win32.ActiveCfg = Debug|Win32
		{4AF841DE-5DF4-4E3D-A6F3-98646AD396A9}.Debug|Win32.Build.0 = Debug|Win32
		{4AF841DE-5DF4-4E3D-A6F3-98646AD396A9}.DebugE|Win32.ActiveCfg = Debug|Win32
		{4AF841DE-5DF4-4E3D-A6F3-98646AD396A9}.DebugE|Win32.Build.0 = Debug|Win32
		{4AF841DE-5DF4-4E3D-A6F3-98646AD396A9}.GMax Hybrid|Win32.ActiveCfg = Debug|Win32
		{4AF841DE-5DF4-4E3D-A6F3-98646AD396A9}.GMax Hybrid|Win32.Build.0 = Debug|Win32
		{4AF841DE-5DF4-4E3D-A6F3-98646AD396A9}.GMax Release|Win32.ActiveCfg = Release|Win32
		{4AF841DE-5DF4-4E3D-A6F3-98646AD396A9}.GMax Release|Win32.Build.0 = Release|Win32
		{4AF841DE-5DF4-4E3D-A6F3-98646AD396A9}.Hybrid|Win32.ActiveCfg = Debug|Win32
		{4AF841DE-5DF4-4E3D-A6F3-98646AD396A9}.Hybrid|Win32.Build.0 = Debug|Win32
		{4AF841DE-5DF4-4E3D-A6F3-98646AD396A9}.mainMax4Hybrid|Win32.ActiveCfg = Debug|Win32
		{4AF841DE-5DF4-4E3D-A6F3-98646AD396A9}.mainMax4Hybrid|Win32.Build.0 = Debug|Win32
		{4AF841DE-5DF4-4E3D-A6F3-98646AD396A9}.Max4Release|Win32.ActiveCfg = Release|Win32
		{4AF841DE-5DF4-4E3D-A6F3-98646AD396A9}.Max4Release|Win32.Build.0 = Release|Win32
		{4AF841DE-5DF4-4E3D-A6F3-98646AD396A9}.Profile|Win32.ActiveCfg = Profile|Win32
		{4AF841DE-5DF4-4E3D-A6F3-98646AD396A9}.Profile|Win32.Build.0 = Profile|Win32
		{4AF841DE-5DF4-4E3D-A6F3-98646AD396A9}.ProfileE|Win32.ActiveCfg = Profile|Win32
		{4AF841DE-5DF4-4E3D-A6F3-98646AD396A9}.ProfileE|Win32.Build.0 = Profile|Win32
		{4AF841DE-5DF4-4E3D-A6F3-98646AD396A9}.Release|Win32.ActiveCfg = Release|Win32
		{4AF841DE-5DF4-4E3D-A6F3-98646AD396A9}.Release|Win32.Build.0 = Release|Win32
		{C7F15F81-1C39-4C27-8366-D6A1D534A845}.Debug Compressed|Win32.ActiveCfg = Debug|Win32
		{C7F15F81-1C39-4C27-8366-D6A1D534A845}.Debug Compressed|Win32.Build.0 = Debug|Win32
		{C7F15F81-1C39-4C27-8366-D6A1D534A845}.Debug|Win32.ActiveCfg = Debug|Win32
		{C7F15F81-1C39-4C27-8366-D6A1D534A845}.Debug|Win32.Build.0 = Debug|Win32
		{C7F15F81-1C39-4C27-8366-D6A1D534A845}.DebugE|Win32.ActiveCfg = Debug|Win32
		{C7F15F81-1C39-4C27-8366-D6A1D534A845}.DebugE|Win32.Build.0 = Debug|Win32
		{C7F15F81-1C39-4C27-8366-D6A1D534A845}.GMax Hybrid|Win32.ActiveCfg = Debug|Win32
		{C7F15F81-1C39-4C27-8366-D6A1D534A845}.GMax Hybrid|Win32.Build.0 = Debug|Win32
		{C7F15F81-1C39-4C27-8366-D6A1D534A845}.GMax Release|Win32.ActiveCfg = Release|Win32
		{C7F15F81-1C39-4C27-8366-D6A1D534A845}.GMax Release|Win32.Build.0 = Release|Win32
		{C7F15F81-1C39-4C27-8366-D6A1D534A845}.Hybrid|Win32.ActiveCfg = Debug|Win32
		{C7F15F81-1C39-4C27-8366-D6A1D534A845}.Hybrid|Win32.Build.0 = Debug|Win32
		{C7F15F81-1C39-4C27-8366-D6A1D534A845}.mainMax4Hybrid|Win32.ActiveCfg = Debug|Win32
		{C7F15F81-1C39-4C27-8366-D6A1D534A845}.mainMax4Hybrid|Win32.Build.0 = Debug|Win32
		{C7F15F81-1C39-4C27-8366-D6A1D534A845}.Max4Release|Win32.ActiveCfg = Release|Win32
		{C7F15F81-1C39-4C27-8366-D6A1D534A845}.Max4Release|Win32.Build.0 = Release|Win32
		{C7F15F81-1C39-4C27-8366-D6A1D534A845}.Profile|Win32.ActiveCfg = Profile|Win32
		{C7F15F81-1C39-4C27-8366-D6A1D534A845}.Profile|Win32.Build.0 = Profile|Win32
		{C7F15F81-1C39-4C27-8366-D6A1D534A845}.ProfileE|Win32.ActiveCfg = Profile|Win32
		{C7F15F81-1C39-4C27-8366-D6A1D534A845}.ProfileE|Win32.Build.0 = Profile|Win32
		{C7F15F81-1C39-4C27-8366-D6A1D534A845}.Release|Win32.ActiveCfg = Release|Win32
		{C7F15F81-1C39-4C27-8366-D6A1D534A845}.Release|Win32.Build.0 = Release|Win32
	EndGlobalSection
	GlobalSection(SolutionProperties) = preSolution
		HideSolutionNode = FALSE
	EndGlobalSection
	GlobalSection(ExtensibilityGlobals) = postSolution
		SolutionGuid = {FA6642FE-1FA1-4009-906C-370AD4AE0AFE}
	EndGlobalSection
EndGlobal
