<?xml version="1.0" encoding="utf-8"?>
<Project ToolsVersion="4.0" xmlns="http://schemas.microsoft.com/developer/msbuild/2003">
  <ItemGroup>
    <Filter Include="Source Files">
      <UniqueIdentifier>{5b685d64-dce9-4ed6-a8db-c7c6f6ccfb81}</UniqueIdentifier>
      <Extensions>cpp;c;cxx;rc;def;r;odl;idl;hpj;bat</Extensions>
    </Filter>
    <Filter Include="Header Files">
      <UniqueIdentifier>{88fffdaa-c5fc-475a-80a1-58b09d03ae4e}</UniqueIdentifier>
      <Extensions>h;hpp;hxx;hm;inl</Extensions>
    </Filter>
  </ItemGroup>
  <ItemGroup>
    <ClCompile Include="BINKMovie.cpp">
      <Filter>Source Files</Filter>
    </ClCompile>
    <ClCompile Include="subtitle.cpp">
      <Filter>Source Files</Filter>
    </ClCompile>
    <ClCompile Include="subtitlemanager.cpp">
      <Filter>Source Files</Filter>
    </ClCompile>
    <ClCompile Include="subtitleparser.cpp">
      <Filter>Source Files</Filter>
    </ClCompile>
  </ItemGroup>
  <ItemGroup>
    <ClInclude Include="BINK.H">
      <Filter>Header Files</Filter>
    </ClInclude>
    <ClInclude Include="BINKMovie.h">
      <Filter>Header Files</Filter>
    </ClInclude>
    <ClInclude Include="RAD.H">
      <Filter>Header Files</Filter>
    </ClInclude>
    <ClInclude Include="subtitle.h">
      <Filter>Header Files</Filter>
    </ClInclude>
    <ClInclude Include="subtitlemanager.h">
      <Filter>Header Files</Filter>
    </ClInclude>
    <ClInclude Include="subtitleparser.h">
      <Filter>Header Files</Filter>
    </ClInclude>
  </ItemGroup>
</Project>